
Microsoft Visual Studio Solution File, Format Version 12.00
# Visual Studio Version 17
VisualStudioVersion = 17.13.35931.197 d17.13
MinimumVisualStudioVersion = 10.0.40219.1
Project("{FAE04EC0-301F-11D3-BF4B-00C04F79EFBC}") = "DataSetConverter", "DataSetConverter.csproj", "{397CF7CA-5899-4E21-9AAB-E656A9182C86}"
EndProject
Global
	GlobalSection(SolutionConfigurationPlatforms) = preSolution
		Debug|Any CPU = Debug|Any CPU
		Release|Any CPU = Release|Any CPU
	EndGlobalSection
	GlobalSection(ProjectConfigurationPlatforms) = postSolution
		{397CF7CA-5899-4E21-9AAB-E656A9182C86}.Debug|Any CPU.ActiveCfg = Debug|Any CPU
		{397CF7CA-5899-4E21-9AAB-E656A9182C86}.Debug|Any CPU.Build.0 = Debug|Any CPU
		{397CF7CA-5899-4E21-9AAB-E656A9182C86}.Release|Any CPU.ActiveCfg = Release|Any CPU
		{397CF7CA-5899-4E21-9AAB-E656A9182C86}.Release|Any CPU.Build.0 = Release|Any CPU
	EndGlobalSection
	GlobalSection(SolutionProperties) = preSolution
		HideSolutionNode = FALSE
	EndGlobalSection
	GlobalSection(ExtensibilityGlobals) = postSolution
		SolutionGuid = {EB07CC70-85C1-4129-8BE6-43745189008C}
	EndGlobalSection
EndGlobal
